
Microsoft Visual Studio Solution File, Format Version 12.00
# Visual Studio Version 17
VisualStudioVersion = 17.0.31903.59
MinimumVisualStudioVersion = 10.0.40219.1
Project("{9A19103F-16F7-4668-BE54-9A1E7A4F7556}") = "Tilde.Translation", "Tilde.Translation\Tilde.Translation.csproj", "{60FA9C46-6B1B-4B96-934C-4D2D17791CCE}"
EndProject
Project("{FAE04EC0-301F-11D3-BF4B-00C04F79EFBC}") = "Tilde.Translation.Example", "Tilde.Translation.Example\Tilde.Translation.Example.csproj", "{7226E6DB-A311-422B-B210-4A9A00815DEC}"
EndProject
Global
	GlobalSection(SolutionConfigurationPlatforms) = preSolution
		Debug|Any CPU = Debug|Any CPU
		Release|Any CPU = Release|Any CPU
	EndGlobalSection
	GlobalSection(ProjectConfigurationPlatforms) = postSolution
		{60FA9C46-6B1B-4B96-934C-4D2D17791CCE}.Debug|Any CPU.ActiveCfg = Debug|Any CPU
		{60FA9C46-6B1B-4B96-934C-4D2D17791CCE}.Debug|Any CPU.Build.0 = Debug|Any CPU
		{60FA9C46-6B1B-4B96-934C-4D2D17791CCE}.Release|Any CPU.ActiveCfg = Release|Any CPU
		{60FA9C46-6B1B-4B96-934C-4D2D17791CCE}.Release|Any CPU.Build.0 = Release|Any CPU
		{7226E6DB-A311-422B-B210-4A9A00815DEC}.Debug|Any CPU.ActiveCfg = Debug|Any CPU
		{7226E6DB-A311-422B-B210-4A9A00815DEC}.Debug|Any CPU.Build.0 = Debug|Any CPU
		{7226E6DB-A311-422B-B210-4A9A00815DEC}.Release|Any CPU.ActiveCfg = Release|Any CPU
		{7226E6DB-A311-422B-B210-4A9A00815DEC}.Release|Any CPU.Build.0 = Release|Any CPU
	EndGlobalSection
	GlobalSection(SolutionProperties) = preSolution
		HideSolutionNode = FALSE
	EndGlobalSection
	GlobalSection(ExtensibilityGlobals) = postSolution
		SolutionGuid = {8794760E-A45D-4789-97C0-CC7F2AB9A0B0}
	EndGlobalSection
EndGlobal
