
Microsoft Visual Studio Solution File, Format Version 12.00
# Visual Studio Version 17
VisualStudioVersion = 17.5.002.0
MinimumVisualStudioVersion = 10.0.40219.1
Project("{9A19103F-16F7-4668-BE54-9A1E7A4F7556}") = "Tilde.Translation", "Tilde.Translation.csproj", "{C20A4792-B7F1-436B-B75A-8CED8984EDFF}"
EndProject
Global
	GlobalSection(SolutionConfigurationPlatforms) = preSolution
		Debug|Any CPU = Debug|Any CPU
		Release|Any CPU = Release|Any CPU
	EndGlobalSection
	GlobalSection(ProjectConfigurationPlatforms) = postSolution
		{C20A4792-B7F1-436B-B75A-8CED8984EDFF}.Debug|Any CPU.ActiveCfg = Debug|Any CPU
		{C20A4792-B7F1-436B-B75A-8CED8984EDFF}.Debug|Any CPU.Build.0 = Debug|Any CPU
		{C20A4792-B7F1-436B-B75A-8CED8984EDFF}.Release|Any CPU.ActiveCfg = Release|Any CPU
		{C20A4792-B7F1-436B-B75A-8CED8984EDFF}.Release|Any CPU.Build.0 = Release|Any CPU
	EndGlobalSection
	GlobalSection(SolutionProperties) = preSolution
		HideSolutionNode = FALSE
	EndGlobalSection
	GlobalSection(ExtensibilityGlobals) = postSolution
		SolutionGuid = {5FB46E2D-A1E6-4809-902B-AD1CD4D5A119}
	EndGlobalSection
EndGlobal
